
Microsoft Visual Studio Solution File, Format Version 12.00
# Visual Studio Version 16
VisualStudioVersion = 16.0.31205.134
MinimumVisualStudioVersion = 10.0.40219.1
Project("{FAE04EC0-301F-11D3-BF4B-00C04F79EFBC}") = "ElapsedMiddleware", "ElapsedMiddleware.csproj", "{CA168AB9-6FD2-422C-A775-3FC9B2D1598A}"
EndProject
Global
	GlobalSection(SolutionConfigurationPlatforms) = preSolution
		Debug|Any CPU = Debug|Any CPU
		Release|Any CPU = Release|Any CPU
	EndGlobalSection
	GlobalSection(ProjectConfigurationPlatforms) = postSolution
		{CA168AB9-6FD2-422C-A775-3FC9B2D1598A}.Debug|Any CPU.ActiveCfg = Debug|Any CPU
		{CA168AB9-6FD2-422C-A775-3FC9B2D1598A}.Debug|Any CPU.Build.0 = Debug|Any CPU
		{CA168AB9-6FD2-422C-A775-3FC9B2D1598A}.Release|Any CPU.ActiveCfg = Release|Any CPU
		{CA168AB9-6FD2-422C-A775-3FC9B2D1598A}.Release|Any CPU.Build.0 = Release|Any CPU
	EndGlobalSection
	GlobalSection(SolutionProperties) = preSolution
		HideSolutionNode = FALSE
	EndGlobalSection
	GlobalSection(ExtensibilityGlobals) = postSolution
		SolutionGuid = {D0A8A277-7CAD-417B-8813-136A8A5BDFAD}
	EndGlobalSection
EndGlobal
